# SPDX-FileCopyrightText: 2026 Deutsche Telekom AG
#
# SPDX-License-Identifier: Apache-2.0
#
# Runtime dependency lock for Dockerfile. The base image is pinned by
# manifest digest in Dockerfile. APK package versions are pinned below.
base=alpine:3.24@sha256:28bd5fe8b56d1bd048e5babf5b10710ebe0bae67db86916198a6eec434943f8b
builder=golang:1.27@sha256:c5b07c17f54c5f22230c4b4da6e90249165cf55368e01a52808cb92064e18836
repository=https://dl-cdn.alpinelinux.org/alpine/v3.24/main
ethtool=7.0-r0
flock=2.42.1-r0
iproute2=7.0.0-r0
libcrypto3=3.5.8-r0
libssl3=3.5.8-r0
