# SPDX-FileCopyrightText: 2026 Deutsche Telekom AG
#
# SPDX-License-Identifier: Apache-2.0
#
# Runtime dependency lock for Dockerfile. The base image is pinned by
# manifest digest in Dockerfile. APK package versions are pinned below.
base=alpine:3.24@sha256:294b683cb724975bec92580e1e685676bd4b50bda910ddb8c51d4cabeaec77e6
builder=golang:1.27@sha256:f44f6e88636cfb311f9ebace870ded69d943f227bb3cb27d32ffd84ea18c43ea
repository=https://dl-cdn.alpinelinux.org/alpine/v3.24/main
ethtool=7.0-r0
flock=2.42.3-r1
iproute2=7.0.0-r0
libcrypto3=3.5.8-r0
libssl3=3.5.8-r0
